
Microsoft Visual Studio Solution File, Format Version 12.00
# Visual Studio Version 16
VisualStudioVersion = 16.0.29215.179
MinimumVisualStudioVersion = 10.0.40219.1
Project("{9A19103F-16F7-4668-BE54-9A1E7A4F7556}") = "Lab2P2", "Lab 2\Lab2P2.csproj", "{71ECB4EF-F377-4638-B023-099D6D3E8471}"
EndProject
Global
	GlobalSection(SolutionConfigurationPlatforms) = preSolution
		Debug|Any CPU = Debug|Any CPU
		Release|Any CPU = Release|Any CPU
	EndGlobalSection
	GlobalSection(ProjectConfigurationPlatforms) = postSolution
		{71ECB4EF-F377-4638-B023-099D6D3E8471}.Debug|Any CPU.ActiveCfg = Debug|Any CPU
		{71ECB4EF-F377-4638-B023-099D6D3E8471}.Debug|Any CPU.Build.0 = Debug|Any CPU
		{71ECB4EF-F377-4638-B023-099D6D3E8471}.Release|Any CPU.ActiveCfg = Release|Any CPU
		{71ECB4EF-F377-4638-B023-099D6D3E8471}.Release|Any CPU.Build.0 = Release|Any CPU
	EndGlobalSection
	GlobalSection(SolutionProperties) = preSolution
		HideSolutionNode = FALSE
	EndGlobalSection
	GlobalSection(ExtensibilityGlobals) = postSolution
		SolutionGuid = {02670657-86E5-4646-A881-639E430BDB5D}
	EndGlobalSection
EndGlobal
